
Microsoft Visual Studio Solution File, Format Version 12.00
# Visual Studio 15
VisualStudioVersion = 15.0.28010.2050
MinimumVisualStudioVersion = 10.0.40219.1
Project("{8BC9CEB8-8B4A-11D0-8D11-00A0C91BC942}") = "Faktura", "Faktura\Faktura.vcxproj", "{F60159EF-2167-4461-8506-9F7401719263}"
EndProject
Global
	GlobalSection(SolutionConfigurationPlatforms) = preSolution
		Debug|x64 = Debug|x64
		Debug|x86 = Debug|x86
		Release|x64 = Release|x64
		Release|x86 = Release|x86
	EndGlobalSection
	GlobalSection(ProjectConfigurationPlatforms) = postSolution
		{F60159EF-2167-4461-8506-9F7401719263}.Debug|x64.ActiveCfg = Debug|x64
		{F60159EF-2167-4461-8506-9F7401719263}.Debug|x64.Build.0 = Debug|x64
		{F60159EF-2167-4461-8506-9F7401719263}.Debug|x86.ActiveCfg = Debug|Win32
		{F60159EF-2167-4461-8506-9F7401719263}.Debug|x86.Build.0 = Debug|Win32
		{F60159EF-2167-4461-8506-9F7401719263}.Release|x64.ActiveCfg = Release|x64
		{F60159EF-2167-4461-8506-9F7401719263}.Release|x64.Build.0 = Release|x64
		{F60159EF-2167-4461-8506-9F7401719263}.Release|x86.ActiveCfg = Release|Win32
		{F60159EF-2167-4461-8506-9F7401719263}.Release|x86.Build.0 = Release|Win32
	EndGlobalSection
	GlobalSection(SolutionProperties) = preSolution
		HideSolutionNode = FALSE
	EndGlobalSection
	GlobalSection(ExtensibilityGlobals) = postSolution
		SolutionGuid = {CA618238-2C3F-44C8-828B-18CB45DA00DB}
	EndGlobalSection
EndGlobal
